// !$*UTF8*$!
{
	archiveVersion = 1;
	classes = {
	};
	objectVersion = 46;
	objects = {

/* Begin PBXBuildFile section */
		4968C8A71F77A88400C48278 /* SummerSlider.h in Headers */ = {isa = PBXBuildFile; fileRef = 4968C8A51F77A88400C48278 /* SummerSlider.h */; settings = {ATTRIBUTES = (Public, ); }; };
		4968C8AF1F77A8DB00C48278 /* Constants.swift in Sources */ = {isa = PBXBuildFile; fileRef = 4968C8AD1F77A8DB00C48278 /* Constants.swift */; };
		4968C8B01F77A8DB00C48278 /* SummerSlider.swift in Sources */ = {isa = PBXBuildFile; fileRef = 4968C8AE1F77A8DB00C48278 /* SummerSlider.swift */; };
		4968C8FC1F77AAD300C48278 /* AppDelegate.swift in Sources */ = {isa = PBXBuildFile; fileRef = 4968C8FB1F77AAD300C48278 /* AppDelegate.swift */; };
		4968C9011F77AAD300C48278 /* Main.storyboard in Resources */ = {isa = PBXBuildFile; fileRef = 4968C8FF1F77AAD300C48278 /* Main.storyboard */; };
		4968C9031F77AAD300C48278 /* Assets.xcassets in Resources */ = {isa = PBXBuildFile; fileRef = 4968C9021F77AAD300C48278 /* Assets.xcassets */; };
		4968C9061F77AAD300C48278 /* LaunchScreen.storyboard in Resources */ = {isa = PBXBuildFile; fileRef = 4968C9041F77AAD300C48278 /* LaunchScreen.storyboard */; };
		4968C90B1F77AADE00C48278 /* SummerSlider.framework in Frameworks */ = {isa = PBXBuildFile; fileRef = 4968C8A21F77A88300C48278 /* SummerSlider.framework */; };
		4968C90C1F77AADE00C48278 /* SummerSlider.framework in Embed Frameworks */ = {isa = PBXBuildFile; fileRef = 4968C8A21F77A88300C48278 /* SummerSlider.framework */; settings = {ATTRIBUTES = (CodeSignOnCopy, RemoveHeadersOnCopy, ); }; };
		49CA0E8E1F78CED9008CA1F2 /* HorizontalViewController.swift in Sources */ = {isa = PBXBuildFile; fileRef = 49CA0E8B1F78CED9008CA1F2 /* HorizontalViewController.swift */; };
		49CA0E8F1F78CED9008CA1F2 /* VerticalViewController.swift in Sources */ = {isa = PBXBuildFile; fileRef = 49CA0E8C1F78CED9008CA1F2 /* VerticalViewController.swift */; };
		49CA0E901F78CED9008CA1F2 /* YoutubeStyleViewController.swift in Sources */ = {isa = PBXBuildFile; fileRef = 49CA0E8D1F78CED9008CA1F2 /* YoutubeStyleViewController.swift */; };
/* End PBXBuildFile section */

/* Begin PBXContainerItemProxy section */
		4968C90D1F77AADE00C48278 /* PBXContainerItemProxy */ = {
			isa = PBXContainerItemProxy;
			containerPortal = 4968C8991F77A88300C48278 /* Project object */;
			proxyType = 1;
			remoteGlobalIDString = 4968C8A11F77A88300C48278;
			remoteInfo = SummerSlider;
		};
/* End PBXContainerItemProxy section */

/* Begin PBXCopyFilesBuildPhase section */
		4968C90F1F77AADE00C48278 /* Embed Frameworks */ = {
			isa = PBXCopyFilesBuildPhase;
			buildActionMask = 2147483647;
			dstPath = "";
			dstSubfolderSpec = 10;
			files = (
				4968C90C1F77AADE00C48278 /* SummerSlider.framework in Embed Frameworks */,
			);
			name = "Embed Frameworks";
			runOnlyForDeploymentPostprocessing = 0;
		};
/* End PBXCopyFilesBuildPhase section */

/* Begin PBXFileReference section */
		4968C8A21F77A88300C48278 /* SummerSlider.framework */ = {isa = PBXFileReference; explicitFileType = wrapper.framework; includeInIndex = 0; path = SummerSlider.framework; sourceTree = BUILT_PRODUCTS_DIR; };
		4968C8A51F77A88400C48278 /* SummerSlider.h */ = {isa = PBXFileReference; lastKnownFileType = sourcecode.c.h; path = SummerSlider.h; sourceTree = "<group>"; };
		4968C8A61F77A88400C48278 /* Info.plist */ = {isa = PBXFileReference; lastKnownFileType = text.plist.xml; path = Info.plist; sourceTree = "<group>"; };
		4968C8AD1F77A8DB00C48278 /* Constants.swift */ = {isa = PBXFileReference; fileEncoding = 4; lastKnownFileType = sourcecode.swift; path = Constants.swift; sourceTree = "<group>"; };
		4968C8AE1F77A8DB00C48278 /* SummerSlider.swift */ = {isa = PBXFileReference; fileEncoding = 4; lastKnownFileType = sourcecode.swift; path = SummerSlider.swift; sourceTree = "<group>"; };
		4968C8F91F77AAD300C48278 /* SummerSliderDemo.app */ = {isa = PBXFileReference; explicitFileType = wrapper.application; includeInIndex = 0; path = SummerSliderDemo.app; sourceTree = BUILT_PRODUCTS_DIR; };
		4968C8FB1F77AAD300C48278 /* AppDelegate.swift */ = {isa = PBXFileReference; lastKnownFileType = sourcecode.swift; path = AppDelegate.swift; sourceTree = "<group>"; };
		4968C9001F77AAD300C48278 /* Base */ = {isa = PBXFileReference; lastKnownFileType = file.storyboard; name = Base; path = Base.lproj/Main.storyboard; sourceTree = "<group>"; };
		4968C9021F77AAD300C48278 /* Assets.xcassets */ = {isa = PBXFileReference; lastKnownFileType = folder.assetcatalog; path = Assets.xcassets; sourceTree = "<group>"; };
		4968C9051F77AAD300C48278 /* Base */ = {isa = PBXFileReference; lastKnownFileType = file.storyboard; name = Base; path = Base.lproj/LaunchScreen.storyboard; sourceTree = "<group>"; };
		4968C9071F77AAD300C48278 /* Info.plist */ = {isa = PBXFileReference; lastKnownFileType = text.plist.xml; path = Info.plist; sourceTree = "<group>"; };
		49CA0E8B1F78CED9008CA1F2 /* HorizontalViewController.swift */ = {isa = PBXFileReference; fileEncoding = 4; lastKnownFileType = sourcecode.swift; path = HorizontalViewController.swift; sourceTree = "<group>"; };
		49CA0E8C1F78CED9008CA1F2 /* VerticalViewController.swift */ = {isa = PBXFileReference; fileEncoding = 4; lastKnownFileType = sourcecode.swift; path = VerticalViewController.swift; sourceTree = "<group>"; };
		49CA0E8D1F78CED9008CA1F2 /* YoutubeStyleViewController.swift */ = {isa = PBXFileReference; fileEncoding = 4; lastKnownFileType = sourcecode.swift; path = YoutubeStyleViewController.swift; sourceTree = "<group>"; };
/* End PBXFileReference section */

/* Begin PBXFrameworksBuildPhase section */
		4968C89E1F77A88300C48278 /* Frameworks */ = {
			isa = PBXFrameworksBuildPhase;
			buildActionMask = 2147483647;
			files = (
			);
			runOnlyForDeploymentPostprocessing = 0;
		};
		4968C8F61F77AAD300C48278 /* Frameworks */ = {
			isa = PBXFrameworksBuildPhase;
			buildActionMask = 2147483647;
			files = (
				4968C90B1F77AADE00C48278 /* SummerSlider.framework in Frameworks */,
			);
			runOnlyForDeploymentPostprocessing = 0;
		};
/* End PBXFrameworksBuildPhase section */

/* Begin PBXGroup section */
		4968C8981F77A88300C48278 = {
			isa = PBXGroup;
			children = (
				4968C8A41F77A88400C48278 /* SummerSlider */,
				4968C8FA1F77AAD300C48278 /* SummerSliderDemo */,
				4968C8A31F77A88300C48278 /* Products */,
			);
			sourceTree = "<group>";
		};
		4968C8A31F77A88300C48278 /* Products */ = {
			isa = PBXGroup;
			children = (
				4968C8A21F77A88300C48278 /* SummerSlider.framework */,
				4968C8F91F77AAD300C48278 /* SummerSliderDemo.app */,
			);
			name = Products;
			sourceTree = "<group>";
		};
		4968C8A41F77A88400C48278 /* SummerSlider */ = {
			isa = PBXGroup;
			children = (
				4968C8AD1F77A8DB00C48278 /* Constants.swift */,
				4968C8AE1F77A8DB00C48278 /* SummerSlider.swift */,
				4968C8A51F77A88400C48278 /* SummerSlider.h */,
				4968C8A61F77A88400C48278 /* Info.plist */,
			);
			path = SummerSlider;
			sourceTree = "<group>";
		};
		4968C8FA1F77AAD300C48278 /* SummerSliderDemo */ = {
			isa = PBXGroup;
			children = (
				4968C9101F77B84300C48278 /* ViewControllers */,
				4968C8FB1F77AAD300C48278 /* AppDelegate.swift */,
				4968C8FF1F77AAD300C48278 /* Main.storyboard */,
				4968C9021F77AAD300C48278 /* Assets.xcassets */,
				4968C9041F77AAD300C48278 /* LaunchScreen.storyboard */,
				4968C9071F77AAD300C48278 /* Info.plist */,
			);
			path = SummerSliderDemo;
			sourceTree = "<group>";
		};
		4968C9101F77B84300C48278 /* ViewControllers */ = {
			isa = PBXGroup;
			children = (
				49CA0E8B1F78CED9008CA1F2 /* HorizontalViewController.swift */,
				49CA0E8C1F78CED9008CA1F2 /* VerticalViewController.swift */,
				49CA0E8D1F78CED9008CA1F2 /* YoutubeStyleViewController.swift */,
			);
			name = ViewControllers;
			sourceTree = "<group>";
		};
/* End PBXGroup section */

/* Begin PBXHeadersBuildPhase section */
		4968C89F1F77A88300C48278 /* Headers */ = {
			isa = PBXHeadersBuildPhase;
			buildActionMask = 2147483647;
			files = (
				4968C8A71F77A88400C48278 /* SummerSlider.h in Headers */,
			);
			runOnlyForDeploymentPostprocessing = 0;
		};
/* End PBXHeadersBuildPhase section */

/* Begin PBXNativeTarget section */
		4968C8A11F77A88300C48278 /* SummerSlider */ = {
			isa = PBXNativeTarget;
			buildConfigurationList = 4968C8AA1F77A88400C48278 /* Build configuration list for PBXNativeTarget "SummerSlider" */;
			buildPhases = (
				4968C89D1F77A88300C48278 /* Sources */,
				4968C89E1F77A88300C48278 /* Frameworks */,
				4968C89F1F77A88300C48278 /* Headers */,
				4968C8A01F77A88300C48278 /* Resources */,
			);
			buildRules = (
			);
			dependencies = (
			);
			name = SummerSlider;
			productName = SummerSlider;
			productReference = 4968C8A21F77A88300C48278 /* SummerSlider.framework */;
			productType = "com.apple.product-type.framework";
		};
		4968C8F81F77AAD300C48278 /* SummerSliderDemo */ = {
			isa = PBXNativeTarget;
			buildConfigurationList = 4968C90A1F77AAD300C48278 /* Build configuration list for PBXNativeTarget "SummerSliderDemo" */;
			buildPhases = (
				4968C8F51F77AAD300C48278 /* Sources */,
				4968C8F61F77AAD300C48278 /* Frameworks */,
				4968C8F71F77AAD300C48278 /* Resources */,
				4968C90F1F77AADE00C48278 /* Embed Frameworks */,
			);
			buildRules = (
			);
			dependencies = (
				4968C90E1F77AADE00C48278 /* PBXTargetDependency */,
			);
			name = SummerSliderDemo;
			productName = SummerSliderDemo;
			productReference = 4968C8F91F77AAD300C48278 /* SummerSliderDemo.app */;
			productType = "com.apple.product-type.application";
		};
/* End PBXNativeTarget section */

/* Begin PBXProject section */
		4968C8991F77A88300C48278 /* Project object */ = {
			isa = PBXProject;
			attributes = {
				LastSwiftUpdateCheck = 0830;
				LastUpgradeCheck = 0830;
				ORGANIZATIONNAME = SuperbDerrick;
				TargetAttributes = {
					4968C8A11F77A88300C48278 = {
						CreatedOnToolsVersion = 8.3.2;
						DevelopmentTeam = 5MKPJ9K6N6;
						LastSwiftMigration = 0830;
						ProvisioningStyle = Automatic;
					};
					4968C8F81F77AAD300C48278 = {
						CreatedOnToolsVersion = 8.3.2;
						ProvisioningStyle = Automatic;
					};
				};
			};
			buildConfigurationList = 4968C89C1F77A88300C48278 /* Build configuration list for PBXProject "SummerSlider" */;
			compatibilityVersion = "Xcode 3.2";
			developmentRegion = English;
			hasScannedForEncodings = 0;
			knownRegions = (
				en,
				Base,
			);
			mainGroup = 4968C8981F77A88300C48278;
			productRefGroup = 4968C8A31F77A88300C48278 /* Products */;
			projectDirPath = "";
			projectRoot = "";
			targets = (
				4968C8A11F77A88300C48278 /* SummerSlider */,
				4968C8F81F77AAD300C48278 /* SummerSliderDemo */,
			);
		};
/* End PBXProject section */

/* Begin PBXResourcesBuildPhase section */
		4968C8A01F77A88300C48278 /* Resources */ = {
			isa = PBXResourcesBuildPhase;
			buildActionMask = 2147483647;
			files = (
			);
			runOnlyForDeploymentPostprocessing = 0;
		};
		4968C8F71F77AAD300C48278 /* Resources */ = {
			isa = PBXResourcesBuildPhase;
			buildActionMask = 2147483647;
			files = (
				4968C9061F77AAD300C48278 /* LaunchScreen.storyboard in Resources */,
				4968C9031F77AAD300C48278 /* Assets.xcassets in Resources */,
				4968C9011F77AAD300C48278 /* Main.storyboard in Resources */,
			);
			runOnlyForDeploymentPostprocessing = 0;
		};
/* End PBXResourcesBuildPhase section */

/* Begin PBXSourcesBuildPhase section */
		4968C89D1F77A88300C48278 /* Sources */ = {
			isa = PBXSourcesBuildPhase;
			buildActionMask = 2147483647;
			files = (
				4968C8AF1F77A8DB00C48278 /* Constants.swift in Sources */,
				4968C8B01F77A8DB00C48278 /* SummerSlider.swift in Sources */,
			);
			runOnlyForDeploymentPostprocessing = 0;
		};
		4968C8F51F77AAD300C48278 /* Sources */ = {
			isa = PBXSourcesBuildPhase;
			buildActionMask = 2147483647;
			files = (
				49CA0E901F78CED9008CA1F2 /* YoutubeStyleViewController.swift in Sources */,
				49CA0E8E1F78CED9008CA1F2 /* HorizontalViewController.swift in Sources */,
				4968C8FC1F77AAD300C48278 /* AppDelegate.swift in Sources */,
				49CA0E8F1F78CED9008CA1F2 /* VerticalViewController.swift in Sources */,
			);
			runOnlyForDeploymentPostprocessing = 0;
		};
/* End PBXSourcesBuildPhase section */

/* Begin PBXTargetDependency section */
		4968C90E1F77AADE00C48278 /* PBXTargetDependency */ = {
			isa = PBXTargetDependency;
			target = 4968C8A11F77A88300C48278 /* SummerSlider */;
			targetProxy = 4968C90D1F77AADE00C48278 /* PBXContainerItemProxy */;
		};
/* End PBXTargetDependency section */

/* Begin PBXVariantGroup section */
		4968C8FF1F77AAD300C48278 /* Main.storyboard */ = {
			isa = PBXVariantGroup;
			children = (
				4968C9001F77AAD300C48278 /* Base */,
			);
			name = Main.storyboard;
			sourceTree = "<group>";
		};
		4968C9041F77AAD300C48278 /* LaunchScreen.storyboard */ = {
			isa = PBXVariantGroup;
			children = (
				4968C9051F77AAD300C48278 /* Base */,
			);
			name = LaunchScreen.storyboard;
			sourceTree = "<group>";
		};
/* End PBXVariantGroup section */

/* Begin XCBuildConfiguration section */
		4968C8A81F77A88400C48278 /* Debug */ = {
			isa = XCBuildConfiguration;
			buildSettings = {
				ALWAYS_SEARCH_USER_PATHS = NO;
				CLANG_ANALYZER_NONNULL = YES;
				CLANG_ANALYZER_NUMBER_OBJECT_CONVERSION = YES_AGGRESSIVE;
				CLANG_CXX_LANGUAGE_STANDARD = "gnu++0x";
				CLANG_CXX_LIBRARY = "libc++";
				CLANG_ENABLE_MODULES = YES;
				CLANG_ENABLE_OBJC_ARC = YES;
				CLANG_WARN_BOOL_CONVERSION = YES;
				CLANG_WARN_CONSTANT_CONVERSION = YES;
				CLANG_WARN_DIRECT_OBJC_ISA_USAGE = YES_ERROR;
				CLANG_WARN_DOCUMENTATION_COMMENTS = YES;
				CLANG_WARN_EMPTY_BODY = YES;
				CLANG_WARN_ENUM_CONVERSION = YES;
				CLANG_WARN_INFINITE_RECURSION = YES;
				CLANG_WARN_INT_CONVERSION = YES;
				CLANG_WARN_OBJC_ROOT_CLASS = YES_ERROR;
				CLANG_WARN_SUSPICIOUS_MOVE = YES;
				CLANG_WARN_UNREACHABLE_CODE = YES;
				CLANG_WARN__DUPLICATE_METHOD_MATCH = YES;
				"CODE_SIGN_IDENTITY[sdk=iphoneos*]" = "iPhone Developer";
				COPY_PHASE_STRIP = NO;
				CURRENT_PROJECT_VERSION = 1;
				DEBUG_INFORMATION_FORMAT = dwarf;
				ENABLE_STRICT_OBJC_MSGSEND = YES;
				ENABLE_TESTABILITY = YES;
				GCC_C_LANGUAGE_STANDARD = gnu99;
				GCC_DYNAMIC_NO_PIC = NO;
				GCC_NO_COMMON_BLOCKS = YES;
				GCC_OPTIMIZATION_LEVEL = 0;
				GCC_PREPROCESSOR_DEFINITIONS = (
					"DEBUG=1",
					"$(inherited)",
				);
				GCC_WARN_64_TO_32_BIT_CONVERSION = YES;
				GCC_WARN_ABOUT_RETURN_TYPE = YES_ERROR;
				GCC_WARN_UNDECLARED_SELECTOR = YES;
				GCC_WARN_UNINITIALIZED_AUTOS = YES_AGGRESSIVE;
				GCC_WARN_UNUSED_FUNCTION = YES;
				GCC_WARN_UNUSED_VARIABLE = YES;
				IPHONEOS_DEPLOYMENT_TARGET = 10.3;
				MTL_ENABLE_DEBUG_INFO = YES;
				ONLY_ACTIVE_ARCH = YES;
				SDKROOT = iphoneos;
				SWIFT_ACTIVE_COMPILATION_CONDITIONS = DEBUG;
				SWIFT_OPTIMIZATION_LEVEL = "-Onone";
				TARGETED_DEVICE_FAMILY = "1,2";
				VERSIONING_SYSTEM = "apple-generic";
				VERSION_INFO_PREFIX = "";
			};
			name = Debug;
		};
		4968C8A91F77A88400C48278 /* Release */ = {
			isa = XCBuildConfiguration;
			buildSettings = {
				ALWAYS_SEARCH_USER_PATHS = NO;
				CLANG_ANALYZER_NONNULL = YES;
				CLANG_ANALYZER_NUMBER_OBJECT_CONVERSION = YES_AGGRESSIVE;
				CLANG_CXX_LANGUAGE_STANDARD = "gnu++0x";
				CLANG_CXX_LIBRARY = "libc++";
				CLANG_ENABLE_MODULES = YES;
				CLANG_ENABLE_OBJC_ARC = YES;
				CLANG_WARN_BOOL_CONVERSION = YES;
				CLANG_WARN_CONSTANT_CONVERSION = YES;
				CLANG_WARN_DIRECT_OBJC_ISA_USAGE = YES_ERROR;
				CLANG_WARN_DOCUMENTATION_COMMENTS = YES;
				CLANG_WARN_EMPTY_BODY = YES;
				CLANG_WARN_ENUM_CONVERSION = YES;
				CLANG_WARN_INFINITE_RECURSION = YES;
				CLANG_WARN_INT_CONVERSION = YES;
				CLANG_WARN_OBJC_ROOT_CLASS = YES_ERROR;
				CLANG_WARN_SUSPICIOUS_MOVE = YES;
				CLANG_WARN_UNREACHABLE_CODE = YES;
				CLANG_WARN__DUPLICATE_METHOD_MATCH = YES;
				"CODE_SIGN_IDENTITY[sdk=iphoneos*]" = "iPhone Developer";
				COPY_PHASE_STRIP = NO;
				CURRENT_PROJECT_VERSION = 1;
				DEBUG_INFORMATION_FORMAT = "dwarf-with-dsym";
				ENABLE_NS_ASSERTIONS = NO;
				ENABLE_STRICT_OBJC_MSGSEND = YES;
				GCC_C_LANGUAGE_STANDARD = gnu99;
				GCC_NO_COMMON_BLOCKS = YES;
				GCC_WARN_64_TO_32_BIT_CONVERSION = YES;
				GCC_WARN_ABOUT_RETURN_TYPE = YES_ERROR;
				GCC_WARN_UNDECLARED_SELECTOR = YES;
				GCC_WARN_UNINITIALIZED_AUTOS = YES_AGGRESSIVE;
				GCC_WARN_UNUSED_FUNCTION = YES;
				GCC_WARN_UNUSED_VARIABLE = YES;
				IPHONEOS_DEPLOYMENT_TARGET = 10.3;
				MTL_ENABLE_DEBUG_INFO = NO;
				SDKROOT = iphoneos;
				SWIFT_OPTIMIZATION_LEVEL = "-Owholemodule";
				TARGETED_DEVICE_FAMILY = "1,2";
				VALIDATE_PRODUCT = YES;
				VERSIONING_SYSTEM = "apple-generic";
				VERSION_INFO_PREFIX = "";
			};
			name = Release;
		};
		4968C8AB1F77A88400C48278 /* Debug */ = {
			isa = XCBuildConfiguration;
			buildSettings = {
				CLANG_ENABLE_MODULES = YES;
				CODE_SIGN_IDENTITY = "";
				DEFINES_MODULE = YES;
				DEVELOPMENT_TEAM = 5MKPJ9K6N6;
				DYLIB_COMPATIBILITY_VERSION = 1;
				DYLIB_CURRENT_VERSION = 1;
				DYLIB_INSTALL_NAME_BASE = "@rpath";
				INFOPLIST_FILE = SummerSlider/Info.plist;
				INSTALL_PATH = "$(LOCAL_LIBRARY_DIR)/Frameworks";
				LD_RUNPATH_SEARCH_PATHS = "$(inherited) @executable_path/Frameworks @loader_path/Frameworks";
				PRODUCT_BUNDLE_IDENTIFIER = superbderrick.github.io.SummerSlider;
				PRODUCT_NAME = "$(TARGET_NAME)";
				SKIP_INSTALL = YES;
				SWIFT_OPTIMIZATION_LEVEL = "-Onone";
				SWIFT_VERSION = 3.0;
			};
			name = Debug;
		};
		4968C8AC1F77A88400C48278 /* Release */ = {
			isa = XCBuildConfiguration;
			buildSettings = {
				CLANG_ENABLE_MODULES = YES;
				CODE_SIGN_IDENTITY = "";
				DEFINES_MODULE = YES;
				DEVELOPMENT_TEAM = 5MKPJ9K6N6;
				DYLIB_COMPATIBILITY_VERSION = 1;
				DYLIB_CURRENT_VERSION = 1;
				DYLIB_INSTALL_NAME_BASE = "@rpath";
				INFOPLIST_FILE = SummerSlider/Info.plist;
				INSTALL_PATH = "$(LOCAL_LIBRARY_DIR)/Frameworks";
				LD_RUNPATH_SEARCH_PATHS = "$(inherited) @executable_path/Frameworks @loader_path/Frameworks";
				PRODUCT_BUNDLE_IDENTIFIER = superbderrick.github.io.SummerSlider;
				PRODUCT_NAME = "$(TARGET_NAME)";
				SKIP_INSTALL = YES;
				SWIFT_VERSION = 3.0;
			};
			name = Release;
		};
		4968C9081F77AAD300C48278 /* Debug */ = {
			isa = XCBuildConfiguration;
			buildSettings = {
				ALWAYS_EMBED_SWIFT_STANDARD_LIBRARIES = YES;
				ASSETCATALOG_COMPILER_APPICON_NAME = AppIcon;
				DEVELOPMENT_TEAM = "";
				INFOPLIST_FILE = SummerSliderDemo/Info.plist;
				LD_RUNPATH_SEARCH_PATHS = "$(inherited) @executable_path/Frameworks";
				PRODUCT_BUNDLE_IDENTIFIER = superbderrick.github.io.SummerSliderDemo;
				PRODUCT_NAME = "$(TARGET_NAME)";
				SWIFT_VERSION = 3.0;
			};
			name = Debug;
		};
		4968C9091F77AAD300C48278 /* Release */ = {
			isa = XCBuildConfiguration;
			buildSettings = {
				ALWAYS_EMBED_SWIFT_STANDARD_LIBRARIES = YES;
				ASSETCATALOG_COMPILER_APPICON_NAME = AppIcon;
				DEVELOPMENT_TEAM = "";
				INFOPLIST_FILE = SummerSliderDemo/Info.plist;
				LD_RUNPATH_SEARCH_PATHS = "$(inherited) @executable_path/Frameworks";
				PRODUCT_BUNDLE_IDENTIFIER = superbderrick.github.io.SummerSliderDemo;
				PRODUCT_NAME = "$(TARGET_NAME)";
				SWIFT_VERSION = 3.0;
			};
			name = Release;
		};
/* End XCBuildConfiguration section */

/* Begin XCConfigurationList section */
		4968C89C1F77A88300C48278 /* Build configuration list for PBXProject "SummerSlider" */ = {
			isa = XCConfigurationList;
			buildConfigurations = (
				4968C8A81F77A88400C48278 /* Debug */,
				4968C8A91F77A88400C48278 /* Release */,
			);
			defaultConfigurationIsVisible = 0;
			defaultConfigurationName = Release;
		};
		4968C8AA1F77A88400C48278 /* Build configuration list for PBXNativeTarget "SummerSlider" */ = {
			isa = XCConfigurationList;
			buildConfigurations = (
				4968C8AB1F77A88400C48278 /* Debug */,
				4968C8AC1F77A88400C48278 /* Release */,
			);
			defaultConfigurationIsVisible = 0;
			defaultConfigurationName = Release;
		};
		4968C90A1F77AAD300C48278 /* Build configuration list for PBXNativeTarget "SummerSliderDemo" */ = {
			isa = XCConfigurationList;
			buildConfigurations = (
				4968C9081F77AAD300C48278 /* Debug */,
				4968C9091F77AAD300C48278 /* Release */,
			);
			defaultConfigurationIsVisible = 0;
			defaultConfigurationName = Release;
		};
/* End XCConfigurationList section */
	};
	rootObject = 4968C8991F77A88300C48278 /* Project object */;
}
